
Microsoft Visual Studio Solution File, Format Version 12.00
# Visual Studio Version 16
VisualStudioVersion = 16.0.32802.440
MinimumVisualStudioVersion = 10.0.40219.1
Project("{FAE04EC0-301F-11D3-BF4B-00C04F79EFBC}") = "LR_R_A_N_Tochno", "LR_R_A_N_Tochno.csproj", "{06687540-DAC3-4553-B7A3-472653E709EB}"
EndProject
Global
	GlobalSection(SolutionConfigurationPlatforms) = preSolution
		Debug|Any CPU = Debug|Any CPU
		Release|Any CPU = Release|Any CPU
	EndGlobalSection
	GlobalSection(ProjectConfigurationPlatforms) = postSolution
		{06687540-DAC3-4553-B7A3-472653E709EB}.Debug|Any CPU.ActiveCfg = Debug|Any CPU
		{06687540-DAC3-4553-B7A3-472653E709EB}.Debug|Any CPU.Build.0 = Debug|Any CPU
		{06687540-DAC3-4553-B7A3-472653E709EB}.Release|Any CPU.ActiveCfg = Release|Any CPU
		{06687540-DAC3-4553-B7A3-472653E709EB}.Release|Any CPU.Build.0 = Release|Any CPU
	EndGlobalSection
	GlobalSection(SolutionProperties) = preSolution
		HideSolutionNode = FALSE
	EndGlobalSection
	GlobalSection(ExtensibilityGlobals) = postSolution
		SolutionGuid = {AFE982EA-6491-4037-82F3-B2EE9752775C}
	EndGlobalSection
EndGlobal
